
Microsoft Visual Studio Solution File, Format Version 12.00
# Visual Studio Version 17
VisualStudioVersion = 17.0.32112.339
MinimumVisualStudioVersion = 10.0.40219.1
Project("{FAE04EC0-301F-11D3-BF4B-00C04F79EFBC}") = "MethodOverloadingSamples001", "MethodOverloadingSamples001\MethodOverloadingSamples001.csproj", "{C8244F50-E6F9-4808-BCEA-EFB07098A8A7}"
EndProject
Global
	GlobalSection(SolutionConfigurationPlatforms) = preSolution
		Debug|Any CPU = Debug|Any CPU
		Release|Any CPU = Release|Any CPU
	EndGlobalSection
	GlobalSection(ProjectConfigurationPlatforms) = postSolution
		{C8244F50-E6F9-4808-BCEA-EFB07098A8A7}.Debug|Any CPU.ActiveCfg = Debug|Any CPU
		{C8244F50-E6F9-4808-BCEA-EFB07098A8A7}.Debug|Any CPU.Build.0 = Debug|Any CPU
		{C8244F50-E6F9-4808-BCEA-EFB07098A8A7}.Release|Any CPU.ActiveCfg = Release|Any CPU
		{C8244F50-E6F9-4808-BCEA-EFB07098A8A7}.Release|Any CPU.Build.0 = Release|Any CPU
	EndGlobalSection
	GlobalSection(SolutionProperties) = preSolution
		HideSolutionNode = FALSE
	EndGlobalSection
	GlobalSection(ExtensibilityGlobals) = postSolution
		SolutionGuid = {DA06F238-D63B-4299-B359-8D12EB89A812}
	EndGlobalSection
EndGlobal
