
Microsoft Visual Studio Solution File, Format Version 12.00
# Visual Studio Version 17
VisualStudioVersion = 17.0.32112.339
MinimumVisualStudioVersion = 10.0.40219.1
Project("{FAE04EC0-301F-11D3-BF4B-00C04F79EFBC}") = "DelegateSample001", "DelegateSample001\DelegateSample001.csproj", "{6836D55E-1177-474C-8158-34DCBBE495B0}"
EndProject
Global
	GlobalSection(SolutionConfigurationPlatforms) = preSolution
		Debug|Any CPU = Debug|Any CPU
		Release|Any CPU = Release|Any CPU
	EndGlobalSection
	GlobalSection(ProjectConfigurationPlatforms) = postSolution
		{6836D55E-1177-474C-8158-34DCBBE495B0}.Debug|Any CPU.ActiveCfg = Debug|Any CPU
		{6836D55E-1177-474C-8158-34DCBBE495B0}.Debug|Any CPU.Build.0 = Debug|Any CPU
		{6836D55E-1177-474C-8158-34DCBBE495B0}.Release|Any CPU.ActiveCfg = Release|Any CPU
		{6836D55E-1177-474C-8158-34DCBBE495B0}.Release|Any CPU.Build.0 = Release|Any CPU
	EndGlobalSection
	GlobalSection(SolutionProperties) = preSolution
		HideSolutionNode = FALSE
	EndGlobalSection
	GlobalSection(ExtensibilityGlobals) = postSolution
		SolutionGuid = {E48184F6-C3F0-4214-9C01-8A3EB3A70E29}
	EndGlobalSection
EndGlobal
