
Microsoft Visual Studio Solution File, Format Version 12.00
# Visual Studio Version 17
VisualStudioVersion = 17.0.32112.339
MinimumVisualStudioVersion = 10.0.40219.1
Project("{FAE04EC0-301F-11D3-BF4B-00C04F79EFBC}") = "IteratorSample001", "IteratorSample001\IteratorSample001.csproj", "{F9ED7EBB-E305-4358-AEBE-EF6C36A2376B}"
EndProject
Global
	GlobalSection(SolutionConfigurationPlatforms) = preSolution
		Debug|Any CPU = Debug|Any CPU
		Release|Any CPU = Release|Any CPU
	EndGlobalSection
	GlobalSection(ProjectConfigurationPlatforms) = postSolution
		{F9ED7EBB-E305-4358-AEBE-EF6C36A2376B}.Debug|Any CPU.ActiveCfg = Debug|Any CPU
		{F9ED7EBB-E305-4358-AEBE-EF6C36A2376B}.Debug|Any CPU.Build.0 = Debug|Any CPU
		{F9ED7EBB-E305-4358-AEBE-EF6C36A2376B}.Release|Any CPU.ActiveCfg = Release|Any CPU
		{F9ED7EBB-E305-4358-AEBE-EF6C36A2376B}.Release|Any CPU.Build.0 = Release|Any CPU
	EndGlobalSection
	GlobalSection(SolutionProperties) = preSolution
		HideSolutionNode = FALSE
	EndGlobalSection
	GlobalSection(ExtensibilityGlobals) = postSolution
		SolutionGuid = {92B7EFB5-59A1-4822-B076-9375553D6E8F}
	EndGlobalSection
EndGlobal
