
Microsoft Visual Studio Solution File, Format Version 12.00
# Visual Studio 14
VisualStudioVersion = 14.0.25420.1
MinimumVisualStudioVersion = 10.0.40219.1
Project("{FAE04EC0-301F-11D3-BF4B-00C04F79EFBC}") = "DictionarySample001", "DictionarySample001\DictionarySample001.csproj", "{84BF9498-4CA1-490C-85D6-11823EE9DEA2}"
EndProject
Global
	GlobalSection(SolutionConfigurationPlatforms) = preSolution
		Debug|Any CPU = Debug|Any CPU
		Release|Any CPU = Release|Any CPU
	EndGlobalSection
	GlobalSection(ProjectConfigurationPlatforms) = postSolution
		{84BF9498-4CA1-490C-85D6-11823EE9DEA2}.Debug|Any CPU.ActiveCfg = Debug|Any CPU
		{84BF9498-4CA1-490C-85D6-11823EE9DEA2}.Debug|Any CPU.Build.0 = Debug|Any CPU
		{84BF9498-4CA1-490C-85D6-11823EE9DEA2}.Release|Any CPU.ActiveCfg = Release|Any CPU
		{84BF9498-4CA1-490C-85D6-11823EE9DEA2}.Release|Any CPU.Build.0 = Release|Any CPU
	EndGlobalSection
	GlobalSection(SolutionProperties) = preSolution
		HideSolutionNode = FALSE
	EndGlobalSection
EndGlobal
