
Microsoft Visual Studio Solution File, Format Version 12.00
# Visual Studio Version 17
VisualStudioVersion = 17.0.32112.339
MinimumVisualStudioVersion = 10.0.40219.1
Project("{FAE04EC0-301F-11D3-BF4B-00C04F79EFBC}") = "ForLoopSample", "ForLoopSample\ForLoopSample.csproj", "{78AA7963-2484-411D-9241-F4EFD434F7DF}"
EndProject
Project("{FAE04EC0-301F-11D3-BF4B-00C04F79EFBC}") = "WhileLoopSample", "WhileLoopSample\WhileLoopSample.csproj", "{C8A5A1F5-C544-40FF-8B1C-FA6EBE42F219}"
EndProject
Project("{FAE04EC0-301F-11D3-BF4B-00C04F79EFBC}") = "DoWhileLoopSample", "DoWhileLoopSample\DoWhileLoopSample.csproj", "{6F000A74-189D-46CC-8A5D-0B931CAE26A1}"
EndProject
Project("{FAE04EC0-301F-11D3-BF4B-00C04F79EFBC}") = "ForeachSample", "ForeachSample\ForeachSample.csproj", "{DFD463A1-D648-4B72-9C36-C4EA36846012}"
EndProject
Global
	GlobalSection(SolutionConfigurationPlatforms) = preSolution
		Debug|Any CPU = Debug|Any CPU
		Release|Any CPU = Release|Any CPU
	EndGlobalSection
	GlobalSection(ProjectConfigurationPlatforms) = postSolution
		{78AA7963-2484-411D-9241-F4EFD434F7DF}.Debug|Any CPU.ActiveCfg = Debug|Any CPU
		{78AA7963-2484-411D-9241-F4EFD434F7DF}.Debug|Any CPU.Build.0 = Debug|Any CPU
		{78AA7963-2484-411D-9241-F4EFD434F7DF}.Release|Any CPU.ActiveCfg = Release|Any CPU
		{78AA7963-2484-411D-9241-F4EFD434F7DF}.Release|Any CPU.Build.0 = Release|Any CPU
		{C8A5A1F5-C544-40FF-8B1C-FA6EBE42F219}.Debug|Any CPU.ActiveCfg = Debug|Any CPU
		{C8A5A1F5-C544-40FF-8B1C-FA6EBE42F219}.Debug|Any CPU.Build.0 = Debug|Any CPU
		{C8A5A1F5-C544-40FF-8B1C-FA6EBE42F219}.Release|Any CPU.ActiveCfg = Release|Any CPU
		{C8A5A1F5-C544-40FF-8B1C-FA6EBE42F219}.Release|Any CPU.Build.0 = Release|Any CPU
		{6F000A74-189D-46CC-8A5D-0B931CAE26A1}.Debug|Any CPU.ActiveCfg = Debug|Any CPU
		{6F000A74-189D-46CC-8A5D-0B931CAE26A1}.Debug|Any CPU.Build.0 = Debug|Any CPU
		{6F000A74-189D-46CC-8A5D-0B931CAE26A1}.Release|Any CPU.ActiveCfg = Release|Any CPU
		{6F000A74-189D-46CC-8A5D-0B931CAE26A1}.Release|Any CPU.Build.0 = Release|Any CPU
		{DFD463A1-D648-4B72-9C36-C4EA36846012}.Debug|Any CPU.ActiveCfg = Debug|Any CPU
		{DFD463A1-D648-4B72-9C36-C4EA36846012}.Debug|Any CPU.Build.0 = Debug|Any CPU
		{DFD463A1-D648-4B72-9C36-C4EA36846012}.Release|Any CPU.ActiveCfg = Release|Any CPU
		{DFD463A1-D648-4B72-9C36-C4EA36846012}.Release|Any CPU.Build.0 = Release|Any CPU
	EndGlobalSection
	GlobalSection(SolutionProperties) = preSolution
		HideSolutionNode = FALSE
	EndGlobalSection
	GlobalSection(ExtensibilityGlobals) = postSolution
		SolutionGuid = {11951727-6822-41DE-B4C0-9E873AC012DE}
	EndGlobalSection
EndGlobal
