
Microsoft Visual Studio Solution File, Format Version 12.00
# Visual Studio Version 17
VisualStudioVersion = 17.2.32602.215
MinimumVisualStudioVersion = 10.0.40219.1
Project("{FAE04EC0-301F-11D3-BF4B-00C04F79EFBC}") = "CoreMvc5_Razor", "CoreMvc5_Razor\CoreMvc5_Razor.csproj", "{CFA936F6-F558-4221-B11C-B77990EA9AB9}"
EndProject
Global
	GlobalSection(SolutionConfigurationPlatforms) = preSolution
		Debug|Any CPU = Debug|Any CPU
		Release|Any CPU = Release|Any CPU
	EndGlobalSection
	GlobalSection(ProjectConfigurationPlatforms) = postSolution
		{CFA936F6-F558-4221-B11C-B77990EA9AB9}.Debug|Any CPU.ActiveCfg = Debug|Any CPU
		{CFA936F6-F558-4221-B11C-B77990EA9AB9}.Debug|Any CPU.Build.0 = Debug|Any CPU
		{CFA936F6-F558-4221-B11C-B77990EA9AB9}.Release|Any CPU.ActiveCfg = Release|Any CPU
		{CFA936F6-F558-4221-B11C-B77990EA9AB9}.Release|Any CPU.Build.0 = Release|Any CPU
	EndGlobalSection
	GlobalSection(SolutionProperties) = preSolution
		HideSolutionNode = FALSE
	EndGlobalSection
	GlobalSection(ExtensibilityGlobals) = postSolution
		SolutionGuid = {E4247312-FB4C-4AB0-A603-1D3CFD0CE0AA}
	EndGlobalSection
EndGlobal
