
Microsoft Visual Studio Solution File, Format Version 12.00
# Visual Studio Version 17
VisualStudioVersion = 17.0.32112.339
MinimumVisualStudioVersion = 10.0.40219.1
Project("{FAE04EC0-301F-11D3-BF4B-00C04F79EFBC}") = "DLLSample001", "DLLSample001\DLLSample001.csproj", "{49F37200-D647-4C84-B891-604BCB02C54D}"
EndProject
Project("{FAE04EC0-301F-11D3-BF4B-00C04F79EFBC}") = "MyLibrary", "My Library\MyLibrary.csproj", "{3EA2F441-25EA-4CD1-A275-FA6539F679AB}"
EndProject
Global
	GlobalSection(SolutionConfigurationPlatforms) = preSolution
		Debug|Any CPU = Debug|Any CPU
		Release|Any CPU = Release|Any CPU
	EndGlobalSection
	GlobalSection(ProjectConfigurationPlatforms) = postSolution
		{49F37200-D647-4C84-B891-604BCB02C54D}.Debug|Any CPU.ActiveCfg = Debug|Any CPU
		{49F37200-D647-4C84-B891-604BCB02C54D}.Debug|Any CPU.Build.0 = Debug|Any CPU
		{49F37200-D647-4C84-B891-604BCB02C54D}.Release|Any CPU.ActiveCfg = Release|Any CPU
		{49F37200-D647-4C84-B891-604BCB02C54D}.Release|Any CPU.Build.0 = Release|Any CPU
		{3EA2F441-25EA-4CD1-A275-FA6539F679AB}.Debug|Any CPU.ActiveCfg = Debug|Any CPU
		{3EA2F441-25EA-4CD1-A275-FA6539F679AB}.Debug|Any CPU.Build.0 = Debug|Any CPU
		{3EA2F441-25EA-4CD1-A275-FA6539F679AB}.Release|Any CPU.ActiveCfg = Release|Any CPU
		{3EA2F441-25EA-4CD1-A275-FA6539F679AB}.Release|Any CPU.Build.0 = Release|Any CPU
	EndGlobalSection
	GlobalSection(SolutionProperties) = preSolution
		HideSolutionNode = FALSE
	EndGlobalSection
	GlobalSection(ExtensibilityGlobals) = postSolution
		SolutionGuid = {6FA85887-2238-4E0C-9E33-6B1636600FC7}
	EndGlobalSection
EndGlobal
