
Microsoft Visual Studio Solution File, Format Version 12.00
# Visual Studio Version 17
VisualStudioVersion = 17.0.32112.339
MinimumVisualStudioVersion = 10.0.40219.1
Project("{FAE04EC0-301F-11D3-BF4B-00C04F79EFBC}") = "DictionarySample001", "DictionarySample001\DictionarySample001.csproj", "{789BB9F5-D362-4DAA-8B89-3C88F4571730}"
EndProject
Global
	GlobalSection(SolutionConfigurationPlatforms) = preSolution
		Debug|Any CPU = Debug|Any CPU
		Release|Any CPU = Release|Any CPU
	EndGlobalSection
	GlobalSection(ProjectConfigurationPlatforms) = postSolution
		{789BB9F5-D362-4DAA-8B89-3C88F4571730}.Debug|Any CPU.ActiveCfg = Debug|Any CPU
		{789BB9F5-D362-4DAA-8B89-3C88F4571730}.Debug|Any CPU.Build.0 = Debug|Any CPU
		{789BB9F5-D362-4DAA-8B89-3C88F4571730}.Release|Any CPU.ActiveCfg = Release|Any CPU
		{789BB9F5-D362-4DAA-8B89-3C88F4571730}.Release|Any CPU.Build.0 = Release|Any CPU
	EndGlobalSection
	GlobalSection(SolutionProperties) = preSolution
		HideSolutionNode = FALSE
	EndGlobalSection
	GlobalSection(ExtensibilityGlobals) = postSolution
		SolutionGuid = {8B4473FD-8DA7-482A-A48A-474D3ACE0B81}
	EndGlobalSection
EndGlobal
