
Microsoft Visual Studio Solution File, Format Version 12.00
# Visual Studio Version 17
VisualStudioVersion = 17.0.32112.339
MinimumVisualStudioVersion = 10.0.40219.1
Project("{FAE04EC0-301F-11D3-BF4B-00C04F79EFBC}") = "CoreMvc5_Pillars_Clone", "CoreMvc5_Pillars_Clone\CoreMvc5_Pillars_Clone.csproj", "{D189C04F-80E7-4678-8681-9A4F582EBC49}"
EndProject
Global
	GlobalSection(SolutionConfigurationPlatforms) = preSolution
		Debug|Any CPU = Debug|Any CPU
		Release|Any CPU = Release|Any CPU
	EndGlobalSection
	GlobalSection(ProjectConfigurationPlatforms) = postSolution
		{D189C04F-80E7-4678-8681-9A4F582EBC49}.Debug|Any CPU.ActiveCfg = Debug|Any CPU
		{D189C04F-80E7-4678-8681-9A4F582EBC49}.Debug|Any CPU.Build.0 = Debug|Any CPU
		{D189C04F-80E7-4678-8681-9A4F582EBC49}.Release|Any CPU.ActiveCfg = Release|Any CPU
		{D189C04F-80E7-4678-8681-9A4F582EBC49}.Release|Any CPU.Build.0 = Release|Any CPU
	EndGlobalSection
	GlobalSection(SolutionProperties) = preSolution
		HideSolutionNode = FALSE
	EndGlobalSection
	GlobalSection(ExtensibilityGlobals) = postSolution
		SolutionGuid = {74E127DC-3907-4413-AFE5-87B4957C0028}
	EndGlobalSection
EndGlobal
