
Microsoft Visual Studio Solution File, Format Version 12.00
# Visual Studio 14
VisualStudioVersion = 14.0.25420.1
MinimumVisualStudioVersion = 10.0.40219.1
Project("{FAE04EC0-301F-11D3-BF4B-00C04F79EFBC}") = "EqualitySample001", "EqualitySample001\EqualitySample001.csproj", "{D5A8388C-3594-49E2-B289-8C53ED3D660A}"
EndProject
Project("{FAE04EC0-301F-11D3-BF4B-00C04F79EFBC}") = "EqualitySample002", "EqualitySample002\EqualitySample002.csproj", "{D0B20466-6882-48B8-A216-1DAAAC9B444E}"
EndProject
Project("{FAE04EC0-301F-11D3-BF4B-00C04F79EFBC}") = "EqualitySample003", "EqualitySample003\EqualitySample003.csproj", "{DD1360FD-33D7-4F31-8A97-62837AF187A8}"
EndProject
Project("{FAE04EC0-301F-11D3-BF4B-00C04F79EFBC}") = "EqualitySample004", "EqualitySample004\EqualitySample004.csproj", "{E1C9EE42-FB87-4185-B227-A76D1B3AD481}"
EndProject
Global
	GlobalSection(SolutionConfigurationPlatforms) = preSolution
		Debug|Any CPU = Debug|Any CPU
		Release|Any CPU = Release|Any CPU
	EndGlobalSection
	GlobalSection(ProjectConfigurationPlatforms) = postSolution
		{D5A8388C-3594-49E2-B289-8C53ED3D660A}.Debug|Any CPU.ActiveCfg = Debug|Any CPU
		{D5A8388C-3594-49E2-B289-8C53ED3D660A}.Debug|Any CPU.Build.0 = Debug|Any CPU
		{D5A8388C-3594-49E2-B289-8C53ED3D660A}.Release|Any CPU.ActiveCfg = Release|Any CPU
		{D5A8388C-3594-49E2-B289-8C53ED3D660A}.Release|Any CPU.Build.0 = Release|Any CPU
		{D0B20466-6882-48B8-A216-1DAAAC9B444E}.Debug|Any CPU.ActiveCfg = Debug|Any CPU
		{D0B20466-6882-48B8-A216-1DAAAC9B444E}.Debug|Any CPU.Build.0 = Debug|Any CPU
		{D0B20466-6882-48B8-A216-1DAAAC9B444E}.Release|Any CPU.ActiveCfg = Release|Any CPU
		{D0B20466-6882-48B8-A216-1DAAAC9B444E}.Release|Any CPU.Build.0 = Release|Any CPU
		{DD1360FD-33D7-4F31-8A97-62837AF187A8}.Debug|Any CPU.ActiveCfg = Debug|Any CPU
		{DD1360FD-33D7-4F31-8A97-62837AF187A8}.Debug|Any CPU.Build.0 = Debug|Any CPU
		{DD1360FD-33D7-4F31-8A97-62837AF187A8}.Release|Any CPU.ActiveCfg = Release|Any CPU
		{DD1360FD-33D7-4F31-8A97-62837AF187A8}.Release|Any CPU.Build.0 = Release|Any CPU
		{E1C9EE42-FB87-4185-B227-A76D1B3AD481}.Debug|Any CPU.ActiveCfg = Debug|Any CPU
		{E1C9EE42-FB87-4185-B227-A76D1B3AD481}.Debug|Any CPU.Build.0 = Debug|Any CPU
		{E1C9EE42-FB87-4185-B227-A76D1B3AD481}.Release|Any CPU.ActiveCfg = Release|Any CPU
		{E1C9EE42-FB87-4185-B227-A76D1B3AD481}.Release|Any CPU.Build.0 = Release|Any CPU
	EndGlobalSection
	GlobalSection(SolutionProperties) = preSolution
		HideSolutionNode = FALSE
	EndGlobalSection
EndGlobal
