
Microsoft Visual Studio Solution File, Format Version 12.00
# Visual Studio Version 17
VisualStudioVersion = 17.0.32112.339
MinimumVisualStudioVersion = 10.0.40219.1
Project("{FAE04EC0-301F-11D3-BF4B-00C04F79EFBC}") = "ListSample001", "ListSample001\ListSample001.csproj", "{81FCC736-D0AD-4776-ABC4-2AF51BB99D1C}"
EndProject
Project("{FAE04EC0-301F-11D3-BF4B-00C04F79EFBC}") = "ListSample002", "ListSample002\ListSample002.csproj", "{ED130B6B-DAF1-4EF9-9452-E7B84ACFF954}"
EndProject
Project("{FAE04EC0-301F-11D3-BF4B-00C04F79EFBC}") = "ListSample003", "ListSample003\ListSample003.csproj", "{0639F892-9722-4023-9A41-18BB36D2090D}"
EndProject
Project("{FAE04EC0-301F-11D3-BF4B-00C04F79EFBC}") = "ListSample005", "ListSample004\ListSample005.csproj", "{D7E23201-06DB-41CD-BEB4-E0444D7E335C}"
EndProject
Project("{FAE04EC0-301F-11D3-BF4B-00C04F79EFBC}") = "ListSample006", "ListSample006\ListSample006.csproj", "{F78C9587-0093-43BD-978F-A2013B62C0ED}"
EndProject
Global
	GlobalSection(SolutionConfigurationPlatforms) = preSolution
		Debug|Any CPU = Debug|Any CPU
		Release|Any CPU = Release|Any CPU
	EndGlobalSection
	GlobalSection(ProjectConfigurationPlatforms) = postSolution
		{81FCC736-D0AD-4776-ABC4-2AF51BB99D1C}.Debug|Any CPU.ActiveCfg = Debug|Any CPU
		{81FCC736-D0AD-4776-ABC4-2AF51BB99D1C}.Debug|Any CPU.Build.0 = Debug|Any CPU
		{81FCC736-D0AD-4776-ABC4-2AF51BB99D1C}.Release|Any CPU.ActiveCfg = Release|Any CPU
		{81FCC736-D0AD-4776-ABC4-2AF51BB99D1C}.Release|Any CPU.Build.0 = Release|Any CPU
		{ED130B6B-DAF1-4EF9-9452-E7B84ACFF954}.Debug|Any CPU.ActiveCfg = Debug|Any CPU
		{ED130B6B-DAF1-4EF9-9452-E7B84ACFF954}.Debug|Any CPU.Build.0 = Debug|Any CPU
		{ED130B6B-DAF1-4EF9-9452-E7B84ACFF954}.Release|Any CPU.ActiveCfg = Release|Any CPU
		{ED130B6B-DAF1-4EF9-9452-E7B84ACFF954}.Release|Any CPU.Build.0 = Release|Any CPU
		{0639F892-9722-4023-9A41-18BB36D2090D}.Debug|Any CPU.ActiveCfg = Debug|Any CPU
		{0639F892-9722-4023-9A41-18BB36D2090D}.Debug|Any CPU.Build.0 = Debug|Any CPU
		{0639F892-9722-4023-9A41-18BB36D2090D}.Release|Any CPU.ActiveCfg = Release|Any CPU
		{0639F892-9722-4023-9A41-18BB36D2090D}.Release|Any CPU.Build.0 = Release|Any CPU
		{D7E23201-06DB-41CD-BEB4-E0444D7E335C}.Debug|Any CPU.ActiveCfg = Debug|Any CPU
		{D7E23201-06DB-41CD-BEB4-E0444D7E335C}.Debug|Any CPU.Build.0 = Debug|Any CPU
		{D7E23201-06DB-41CD-BEB4-E0444D7E335C}.Release|Any CPU.ActiveCfg = Release|Any CPU
		{D7E23201-06DB-41CD-BEB4-E0444D7E335C}.Release|Any CPU.Build.0 = Release|Any CPU
		{F78C9587-0093-43BD-978F-A2013B62C0ED}.Debug|Any CPU.ActiveCfg = Debug|Any CPU
		{F78C9587-0093-43BD-978F-A2013B62C0ED}.Debug|Any CPU.Build.0 = Debug|Any CPU
		{F78C9587-0093-43BD-978F-A2013B62C0ED}.Release|Any CPU.ActiveCfg = Release|Any CPU
		{F78C9587-0093-43BD-978F-A2013B62C0ED}.Release|Any CPU.Build.0 = Release|Any CPU
	EndGlobalSection
	GlobalSection(SolutionProperties) = preSolution
		HideSolutionNode = FALSE
	EndGlobalSection
	GlobalSection(ExtensibilityGlobals) = postSolution
		SolutionGuid = {A83BE9E6-FCDC-49CF-A70D-E0FA4D4EB688}
	EndGlobalSection
EndGlobal
